
Microsoft Visual Studio Solution File, Format Version 12.00
# Visual Studio 15
VisualStudioVersion = 15.0.28010.2048
MinimumVisualStudioVersion = 10.0.40219.1
Project("{FAE04EC0-301F-11D3-BF4B-00C04F79EFBC}") = "Salvataggio nome e cognome", "Salvataggio nome e cognome\Salvataggio nome e cognome.csproj", "{EADD90CE-341C-418F-8C2C-8D687015BC05}"
EndProject
Global
	GlobalSection(SolutionConfigurationPlatforms) = preSolution
		Debug|Any CPU = Debug|Any CPU
		Release|Any CPU = Release|Any CPU
	EndGlobalSection
	GlobalSection(ProjectConfigurationPlatforms) = postSolution
		{EADD90CE-341C-418F-8C2C-8D687015BC05}.Debug|Any CPU.ActiveCfg = Debug|Any CPU
		{EADD90CE-341C-418F-8C2C-8D687015BC05}.Debug|Any CPU.Build.0 = Debug|Any CPU
		{EADD90CE-341C-418F-8C2C-8D687015BC05}.Release|Any CPU.ActiveCfg = Release|Any CPU
		{EADD90CE-341C-418F-8C2C-8D687015BC05}.Release|Any CPU.Build.0 = Release|Any CPU
	EndGlobalSection
	GlobalSection(SolutionProperties) = preSolution
		HideSolutionNode = FALSE
	EndGlobalSection
	GlobalSection(ExtensibilityGlobals) = postSolution
		SolutionGuid = {B8B44B9C-C3DB-4D72-B7A5-98BDE8BCACA1}
	EndGlobalSection
EndGlobal
