
Microsoft Visual Studio Solution File, Format Version 12.00
# Visual Studio Version 16
VisualStudioVersion = 16.0.28315.86
MinimumVisualStudioVersion = 10.0.40219.1
Project("{FAE04EC0-301F-11D3-BF4B-00C04F79EFBC}") = "Bancomat_server", "Bancomat_server\Bancomat_server.csproj", "{EC1A9528-9AE2-40F9-977E-A9BCA268B601}"
EndProject
Global
	GlobalSection(SolutionConfigurationPlatforms) = preSolution
		Debug|Any CPU = Debug|Any CPU
		Release|Any CPU = Release|Any CPU
	EndGlobalSection
	GlobalSection(ProjectConfigurationPlatforms) = postSolution
		{EC1A9528-9AE2-40F9-977E-A9BCA268B601}.Debug|Any CPU.ActiveCfg = Debug|Any CPU
		{EC1A9528-9AE2-40F9-977E-A9BCA268B601}.Debug|Any CPU.Build.0 = Debug|Any CPU
		{EC1A9528-9AE2-40F9-977E-A9BCA268B601}.Release|Any CPU.ActiveCfg = Release|Any CPU
		{EC1A9528-9AE2-40F9-977E-A9BCA268B601}.Release|Any CPU.Build.0 = Release|Any CPU
	EndGlobalSection
	GlobalSection(SolutionProperties) = preSolution
		HideSolutionNode = FALSE
	EndGlobalSection
	GlobalSection(ExtensibilityGlobals) = postSolution
		SolutionGuid = {FD400250-C56B-48B0-ADEB-AEAE7213D811}
	EndGlobalSection
EndGlobal
