
Microsoft Visual Studio Solution File, Format Version 12.00
# Visual Studio Version 16
VisualStudioVersion = 16.0.28315.86
MinimumVisualStudioVersion = 10.0.40219.1
Project("{FAE04EC0-301F-11D3-BF4B-00C04F79EFBC}") = "Bancomat_client", "Bancomat_client\Bancomat_client.csproj", "{AAA82E97-CB28-490F-81C8-40F1DF876F26}"
EndProject
Global
	GlobalSection(SolutionConfigurationPlatforms) = preSolution
		Debug|Any CPU = Debug|Any CPU
		Release|Any CPU = Release|Any CPU
	EndGlobalSection
	GlobalSection(ProjectConfigurationPlatforms) = postSolution
		{AAA82E97-CB28-490F-81C8-40F1DF876F26}.Debug|Any CPU.ActiveCfg = Debug|Any CPU
		{AAA82E97-CB28-490F-81C8-40F1DF876F26}.Debug|Any CPU.Build.0 = Debug|Any CPU
		{AAA82E97-CB28-490F-81C8-40F1DF876F26}.Release|Any CPU.ActiveCfg = Release|Any CPU
		{AAA82E97-CB28-490F-81C8-40F1DF876F26}.Release|Any CPU.Build.0 = Release|Any CPU
	EndGlobalSection
	GlobalSection(SolutionProperties) = preSolution
		HideSolutionNode = FALSE
	EndGlobalSection
	GlobalSection(ExtensibilityGlobals) = postSolution
		SolutionGuid = {CD2E3409-067F-493F-B453-72DFEA3248EF}
	EndGlobalSection
EndGlobal
