
Microsoft Visual Studio Solution File, Format Version 12.00
# Visual Studio 15
VisualStudioVersion = 15.0.28010.2050
MinimumVisualStudioVersion = 10.0.40219.1
Project("{FAE04EC0-301F-11D3-BF4B-00C04F79EFBC}") = "Software_Motorizzazione", "Software_Motorizzazione\Software_Motorizzazione.csproj", "{4CEFCBF8-B006-4B76-8F7C-075694928AFB}"
EndProject
Global
	GlobalSection(SolutionConfigurationPlatforms) = preSolution
		Debug|Any CPU = Debug|Any CPU
		Release|Any CPU = Release|Any CPU
	EndGlobalSection
	GlobalSection(ProjectConfigurationPlatforms) = postSolution
		{4CEFCBF8-B006-4B76-8F7C-075694928AFB}.Debug|Any CPU.ActiveCfg = Debug|Any CPU
		{4CEFCBF8-B006-4B76-8F7C-075694928AFB}.Debug|Any CPU.Build.0 = Debug|Any CPU
		{4CEFCBF8-B006-4B76-8F7C-075694928AFB}.Release|Any CPU.ActiveCfg = Release|Any CPU
		{4CEFCBF8-B006-4B76-8F7C-075694928AFB}.Release|Any CPU.Build.0 = Release|Any CPU
	EndGlobalSection
	GlobalSection(SolutionProperties) = preSolution
		HideSolutionNode = FALSE
	EndGlobalSection
	GlobalSection(ExtensibilityGlobals) = postSolution
		SolutionGuid = {16F99FA5-E465-48C1-813D-A20A71EECD8E}
	EndGlobalSection
EndGlobal
