
Microsoft Visual Studio Solution File, Format Version 12.00
# Visual Studio 15
VisualStudioVersion = 15.0.28010.2050
MinimumVisualStudioVersion = 10.0.40219.1
Project("{FAE04EC0-301F-11D3-BF4B-00C04F79EFBC}") = "tcp superenalottoo", "tcp superenalottoo\tcp superenalottoo.csproj", "{419BAB8B-AF06-4D22-BAD3-ABDDA97B138A}"
EndProject
Global
	GlobalSection(SolutionConfigurationPlatforms) = preSolution
		Debug|Any CPU = Debug|Any CPU
		Release|Any CPU = Release|Any CPU
	EndGlobalSection
	GlobalSection(ProjectConfigurationPlatforms) = postSolution
		{419BAB8B-AF06-4D22-BAD3-ABDDA97B138A}.Debug|Any CPU.ActiveCfg = Debug|Any CPU
		{419BAB8B-AF06-4D22-BAD3-ABDDA97B138A}.Debug|Any CPU.Build.0 = Debug|Any CPU
		{419BAB8B-AF06-4D22-BAD3-ABDDA97B138A}.Release|Any CPU.ActiveCfg = Release|Any CPU
		{419BAB8B-AF06-4D22-BAD3-ABDDA97B138A}.Release|Any CPU.Build.0 = Release|Any CPU
	EndGlobalSection
	GlobalSection(SolutionProperties) = preSolution
		HideSolutionNode = FALSE
	EndGlobalSection
	GlobalSection(ExtensibilityGlobals) = postSolution
		SolutionGuid = {1DB92044-A2F1-42BB-A0FE-8471A84E14E4}
	EndGlobalSection
EndGlobal
